
Microsoft Visual Studio Solution File, Format Version 12.00
# Visual Studio 15
VisualStudioVersion = 15.0.28307.960
MinimumVisualStudioVersion = 10.0.40219.1
Project("{FAE04EC0-301F-11D3-BF4B-00C04F79EFBC}") = "RocsoleDataConverter", "RocsoleDataConverter\RocsoleDataConverter.csproj", "{280C45E8-2AE4-4CA2-BFE5-81F5A4F5190C}"
EndProject
Project("{FAE04EC0-301F-11D3-BF4B-00C04F79EFBC}") = "TestDLL", "TestDLL\TestDLL.csproj", "{F51CF9BB-027D-4799-A7C7-EB73F601AA22}"
	ProjectSection(ProjectDependencies) = postProject
		{280C45E8-2AE4-4CA2-BFE5-81F5A4F5190C} = {280C45E8-2AE4-4CA2-BFE5-81F5A4F5190C}
	EndProjectSection
EndProject
Global
	GlobalSection(SolutionConfigurationPlatforms) = preSolution
		Debug|Any CPU = Debug|Any CPU
		Release|Any CPU = Release|Any CPU
	EndGlobalSection
	GlobalSection(ProjectConfigurationPlatforms) = postSolution
		{280C45E8-2AE4-4CA2-BFE5-81F5A4F5190C}.Debug|Any CPU.ActiveCfg = Debug|Any CPU
		{280C45E8-2AE4-4CA2-BFE5-81F5A4F5190C}.Debug|Any CPU.Build.0 = Debug|Any CPU
		{280C45E8-2AE4-4CA2-BFE5-81F5A4F5190C}.Release|Any CPU.ActiveCfg = Release|Any CPU
		{280C45E8-2AE4-4CA2-BFE5-81F5A4F5190C}.Release|Any CPU.Build.0 = Release|Any CPU
		{F51CF9BB-027D-4799-A7C7-EB73F601AA22}.Debug|Any CPU.ActiveCfg = Debug|Any CPU
		{F51CF9BB-027D-4799-A7C7-EB73F601AA22}.Debug|Any CPU.Build.0 = Debug|Any CPU
		{F51CF9BB-027D-4799-A7C7-EB73F601AA22}.Release|Any CPU.ActiveCfg = Release|Any CPU
		{F51CF9BB-027D-4799-A7C7-EB73F601AA22}.Release|Any CPU.Build.0 = Release|Any CPU
	EndGlobalSection
	GlobalSection(SolutionProperties) = preSolution
		HideSolutionNode = FALSE
	EndGlobalSection
	GlobalSection(ExtensibilityGlobals) = postSolution
		SolutionGuid = {A52D000C-6875-4B7E-A8CD-7CB44E6991B4}
	EndGlobalSection
EndGlobal
