Microsoft Visual Studio Solution File, Format Version 12.00
# Visual Studio Version 17
VisualStudioVersion = 17.7.34221.43
MinimumVisualStudioVersion = 10.0.40219.1
Project("{9A19103F-16F7-4668-BE54-9A1E7A4F7556}") = "TestDLL", "TestDLL\TestDLL.csproj", "{F51CF9BB-027D-4799-A7C7-EB73F601AA22}"
	ProjectSection(ProjectDependencies) = postProject
		{D7BC15EE-5532-4CFE-9B55-0925E85C4B38} = {D7BC15EE-5532-4CFE-9B55-0925E85C4B38}
	EndProjectSection
EndProject
Project("{9A19103F-16F7-4668-BE54-9A1E7A4F7556}") = "RocsoleSimulator", "RocsoleSimulator\RocsoleSimulator.csproj", "{D7BC15EE-5532-4CFE-9B55-0925E85C4B38}"
EndProject
Global
	GlobalSection(SolutionConfigurationPlatforms) = preSolution
		Debug|Any CPU = Debug|Any CPU
		Debug|x64 = Debug|x64
		Release|Any CPU = Release|Any CPU
		Release|x64 = Release|x64
	EndGlobalSection
	GlobalSection(ProjectConfigurationPlatforms) = postSolution
		{F51CF9BB-027D-4799-A7C7-EB73F601AA22}.Debug|Any CPU.ActiveCfg = Debug|Any CPU
		{F51CF9BB-027D-4799-A7C7-EB73F601AA22}.Debug|Any CPU.Build.0 = Debug|Any CPU
		{F51CF9BB-027D-4799-A7C7-EB73F601AA22}.Debug|x64.ActiveCfg = Debug|x64
		{F51CF9BB-027D-4799-A7C7-EB73F601AA22}.Debug|x64.Build.0 = Debug|x64
		{F51CF9BB-027D-4799-A7C7-EB73F601AA22}.Release|Any CPU.ActiveCfg = Release|Any CPU
		{F51CF9BB-027D-4799-A7C7-EB73F601AA22}.Release|Any CPU.Build.0 = Release|Any CPU
		{F51CF9BB-027D-4799-A7C7-EB73F601AA22}.Release|x64.ActiveCfg = Release|x64
		{F51CF9BB-027D-4799-A7C7-EB73F601AA22}.Release|x64.Build.0 = Release|x64
		{D7BC15EE-5532-4CFE-9B55-0925E85C4B38}.Debug|Any CPU.ActiveCfg = Debug|Any CPU
		{D7BC15EE-5532-4CFE-9B55-0925E85C4B38}.Debug|Any CPU.Build.0 = Debug|Any CPU
		{D7BC15EE-5532-4CFE-9B55-0925E85C4B38}.Debug|x64.ActiveCfg = Debug|Any CPU
		{D7BC15EE-5532-4CFE-9B55-0925E85C4B38}.Debug|x64.Build.0 = Debug|Any CPU
		{D7BC15EE-5532-4CFE-9B55-0925E85C4B38}.Release|Any CPU.ActiveCfg = Release|Any CPU
		{D7BC15EE-5532-4CFE-9B55-0925E85C4B38}.Release|Any CPU.Build.0 = Release|Any CPU
		{D7BC15EE-5532-4CFE-9B55-0925E85C4B38}.Release|x64.ActiveCfg = Release|x64
		{D7BC15EE-5532-4CFE-9B55-0925E85C4B38}.Release|x64.Build.0 = Release|x64
	EndGlobalSection
	GlobalSection(SolutionProperties) = preSolution
		HideSolutionNode = FALSE
	EndGlobalSection
	GlobalSection(ExtensibilityGlobals) = postSolution
		SolutionGuid = {A52D000C-6875-4B7E-A8CD-7CB44E6991B4}
	EndGlobalSection
EndGlobal
