
Microsoft Visual Studio Solution File, Format Version 12.00
# Visual Studio Version 16
VisualStudioVersion = 16.0.29009.5
MinimumVisualStudioVersion = 10.0.40219.1
Project("{9A19103F-16F7-4668-BE54-9A1E7A4F7556}") = "KafkaPing", "KafkaPing\KafkaPing.csproj", "{0CFEBBA9-719D-407D-B249-5FEB022D2AC8}"
EndProject
Global
	GlobalSection(SolutionConfigurationPlatforms) = preSolution
		Debug|Any CPU = Debug|Any CPU
		Release|Any CPU = Release|Any CPU
	EndGlobalSection
	GlobalSection(ProjectConfigurationPlatforms) = postSolution
		{0CFEBBA9-719D-407D-B249-5FEB022D2AC8}.Debug|Any CPU.ActiveCfg = Debug|Any CPU
		{0CFEBBA9-719D-407D-B249-5FEB022D2AC8}.Debug|Any CPU.Build.0 = Debug|Any CPU
		{0CFEBBA9-719D-407D-B249-5FEB022D2AC8}.Release|Any CPU.ActiveCfg = Release|Any CPU
		{0CFEBBA9-719D-407D-B249-5FEB022D2AC8}.Release|Any CPU.Build.0 = Release|Any CPU
	EndGlobalSection
	GlobalSection(SolutionProperties) = preSolution
		HideSolutionNode = FALSE
	EndGlobalSection
	GlobalSection(ExtensibilityGlobals) = postSolution
		SolutionGuid = {1C72B367-B2B9-40BF-B357-0DEA27C6C425}
	EndGlobalSection
EndGlobal
